Microsoft Visual Studio Solution File, Format Version 12.00
# Visual Studio Version 17
VisualStudioVersion = 17.5.2.0
MinimumVisualStudioVersion = 10.0.40219.1
Project("{FAE04EC0-301F-11D3-BF4B-00C04F79EFBC}") = "cfind", "cfind.csproj", "{CE968480-E706-FD1E-142B-DC426030C61B}"
EndProject
Global
	GlobalSection(SolutionConfigurationPlatforms) = preSolution
		Debug|Any CPU = Debug|Any CPU
		Release|Any CPU = Release|Any CPU
	EndGlobalSection
	GlobalSection(ProjectConfigurationPlatforms) = postSolution
		{CE968480-E706-FD1E-142B-DC426030C61B}.Debug|Any CPU.ActiveCfg = Debug|Any CPU
		{CE968480-E706-FD1E-142B-DC426030C61B}.Debug|Any CPU.Build.0 = Debug|Any CPU
		{CE968480-E706-FD1E-142B-DC426030C61B}.Release|Any CPU.ActiveCfg = Release|Any CPU
		{CE968480-E706-FD1E-142B-DC426030C61B}.Release|Any CPU.Build.0 = Release|Any CPU
	EndGlobalSection
	GlobalSection(SolutionProperties) = preSolution
		HideSolutionNode = FALSE
	EndGlobalSection
	GlobalSection(ExtensibilityGlobals) = postSolution
		SolutionGuid = {D92DBDE6-1BC5-43DC-AA00-BA76C9C07B30}
	EndGlobalSection
EndGlobal
